
Microsoft Visual Studio Solution File, Format Version 12.00
# Visual Studio Version 17
VisualStudioVersion = 17.8.34309.116
MinimumVisualStudioVersion = 10.0.40219.1
Project("{2150E333-8FDC-42A3-9474-1A3956D46DE8}") = "Gateway", "Gateway", "{48DBF801-00F4-48F1-A9B3-3C05112BD7DD}"
EndProject
Project("{2150E333-8FDC-42A3-9474-1A3956D46DE8}") = "Integration", "Integration", "{507C1AF5-A5CB-446E-8DE4-45328CC23E0D}"
EndProject
Project("{2150E333-8FDC-42A3-9474-1A3956D46DE8}") = "Services", "Services", "{DCBCDA37-2414-4E53-9798-DDED7BCC12BC}"
EndProject
Project("{FAE04EC0-301F-11D3-BF4B-00C04F79EFBC}") = "Mango.Services.CouponAPI", "Mango.Services.CouponAPI\Mango.Services.CouponAPI.csproj", "{37A6B9E6-E5A4-4F64-8D00-1FD450979E09}"
EndProject
Global
	GlobalSection(SolutionConfigurationPlatforms) = preSolution
		Debug|Any CPU = Debug|Any CPU
		Release|Any CPU = Release|Any CPU
	EndGlobalSection
	GlobalSection(ProjectConfigurationPlatforms) = postSolution
		{37A6B9E6-E5A4-4F64-8D00-1FD450979E09}.Debug|Any CPU.ActiveCfg = Debug|Any CPU
		{37A6B9E6-E5A4-4F64-8D00-1FD450979E09}.Debug|Any CPU.Build.0 = Debug|Any CPU
		{37A6B9E6-E5A4-4F64-8D00-1FD450979E09}.Release|Any CPU.ActiveCfg = Release|Any CPU
		{37A6B9E6-E5A4-4F64-8D00-1FD450979E09}.Release|Any CPU.Build.0 = Release|Any CPU
	EndGlobalSection
	GlobalSection(SolutionProperties) = preSolution
		HideSolutionNode = FALSE
	EndGlobalSection
	GlobalSection(NestedProjects) = preSolution
		{37A6B9E6-E5A4-4F64-8D00-1FD450979E09} = {DCBCDA37-2414-4E53-9798-DDED7BCC12BC}
	EndGlobalSection
	GlobalSection(ExtensibilityGlobals) = postSolution
		SolutionGuid = {E24B2B09-8E02-4C94-83FF-374B77007ADD}
	EndGlobalSection
EndGlobal
